// !$*UTF8*$!
{
	archiveVersion = 1;
	classes = {
	};
	objectVersion = 46;
	objects = {

/* Begin PBXBuildFile section */
		EF0685C71EB9B75E0063611E /* main.m in Sources */ = {isa = PBXBuildFile; fileRef = EF0685C61EB9B75E0063611E /* main.m */; };
		EF0685CA1EB9B75E0063611E /* AppDelegate.m in Sources */ = {isa = PBXBuildFile; fileRef = EF0685C91EB9B75E0063611E /* AppDelegate.m */; };
		EF0685CD1EB9B75E0063611E /* ViewController.m in Sources */ = {isa = PBXBuildFile; fileRef = EF0685CC1EB9B75E0063611E /* ViewController.m */; };
		EF0685D01EB9B75E0063611E /* Main.storyboard in Resources */ = {isa = PBXBuildFile; fileRef = EF0685CE1EB9B75E0063611E /* Main.storyboard */; };
		EF0685D21EB9B75E0063611E /* Assets.xcassets in Resources */ = {isa = PBXBuildFile; fileRef = EF0685D11EB9B75E0063611E /* Assets.xcassets */; };
		EF0685D51EB9B75E0063611E /* LaunchScreen.storyboard in Resources */ = {isa = PBXBuildFile; fileRef = EF0685D31EB9B75E0063611E /* LaunchScreen.storyboard */; };
/* End PBXBuildFile section */

/* Begin PBXFileReference section */
		EF0685C21EB9B75E0063611E /* AudioVideoIOS.app */ = {isa = PBXFileReference; explicitFileType = wrapper.application; includeInIndex = 0; path = AudioVideoIOS.app; sourceTree = BUILT_PRODUCTS_DIR; };
		EF0685C61EB9B75E0063611E /* main.m */ = {isa = PBXFileReference; lastKnownFileType = sourcecode.c.objc; path = main.m; sourceTree = "<group>"; };
		EF0685C81EB9B75E0063611E /* AppDelegate.h */ = {isa = PBXFileReference; lastKnownFileType = sourcecode.c.h; path = AppDelegate.h; sourceTree = "<group>"; };
		EF0685C91EB9B75E0063611E /* AppDelegate.m */ = {isa = PBXFileReference; lastKnownFileType = sourcecode.c.objc; path = AppDelegate.m; sourceTree = "<group>"; };
		EF0685CB1EB9B75E0063611E /* ViewController.h */ = {isa = PBXFileReference; lastKnownFileType = sourcecode.c.h; path = ViewController.h; sourceTree = "<group>"; };
		EF0685CC1EB9B75E0063611E /* ViewController.m */ = {isa = PBXFileReference; lastKnownFileType = sourcecode.c.objc; path = ViewController.m; sourceTree = "<group>"; };
		EF0685CF1EB9B75E0063611E /* Base */ = {isa = PBXFileReference; lastKnownFileType = file.storyboard; name = Base; path = Base.lproj/Main.storyboard; sourceTree = "<group>"; };
		EF0685D11EB9B75E0063611E /* Assets.xcassets */ = {isa = PBXFileReference; lastKnownFileType = folder.assetcatalog; path = Assets.xcassets; sourceTree = "<group>"; };
		EF0685D41EB9B75E0063611E /* Base */ = {isa = PBXFileReference; lastKnownFileType = file.storyboard; name = Base; path = Base.lproj/LaunchScreen.storyboard; sourceTree = "<group>"; };
		EF0685D61EB9B75E0063611E /* Info.plist */ = {isa = PBXFileReference; lastKnownFileType = text.plist.xml; path = Info.plist; sourceTree = "<group>"; };
/* End PBXFileReference section */

/* Begin PBXFrameworksBuildPhase section */
		EF0685BF1EB9B75E0063611E /* Frameworks */ = {
			isa = PBXFrameworksBuildPhase;
			buildActionMask = 2147483647;
			files = (
			);
			runOnlyForDeploymentPostprocessing = 0;
		};
/* End PBXFrameworksBuildPhase section */

/* Begin PBXGroup section */
		EF0685B91EB9B75E0063611E = {
			isa = PBXGroup;
			children = (
				EF0685C41EB9B75E0063611E /* AudioVideoIOS */,
				EF0685C31EB9B75E0063611E /* Products */,
			);
			sourceTree = "<group>";
		};
		EF0685C31EB9B75E0063611E /* Products */ = {
			isa = PBXGroup;
			children = (
				EF0685C21EB9B75E0063611E /* AudioVideoIOS.app */,
			);
			name = Products;
			sourceTree = "<group>";
		};
		EF0685C41EB9B75E0063611E /* AudioVideoIOS */ = {
			isa = PBXGroup;
			children = (
				EF0685C81EB9B75E0063611E /* AppDelegate.h */,
				EF0685C91EB9B75E0063611E /* AppDelegate.m */,
				EF0685CB1EB9B75E0063611E /* ViewController.h */,
				EF0685CC1EB9B75E0063611E /* ViewController.m */,
				EF0685CE1EB9B75E0063611E /* Main.storyboard */,
				EF0685D11EB9B75E0063611E /* Assets.xcassets */,
				EF0685D31EB9B75E0063611E /* LaunchScreen.storyboard */,
				EF0685D61EB9B75E0063611E /* Info.plist */,
				EF0685C51EB9B75E0063611E /* Supporting Files */,
			);
			path = AudioVideoIOS;
			sourceTree = "<group>";
		};
		EF0685C51EB9B75E0063611E /* Supporting Files */ = {
			isa = PBXGroup;
			children = (
				EF0685C61EB9B75E0063611E /* main.m */,
			);
			name = "Supporting Files";
			sourceTree = "<group>";
		};
/* End PBXGroup section */

/* Begin PBXNativeTarget section */
		EF0685C11EB9B75E0063611E /* AudioVideoIOS */ = {
			isa = PBXNativeTarget;
			buildConfigurationList = EF0685D91EB9B75E0063611E /* Build configuration list for PBXNativeTarget "AudioVideoIOS" */;
			buildPhases = (
				EF0685BE1EB9B75E0063611E /* Sources */,
				EF0685BF1EB9B75E0063611E /* Frameworks */,
				EF0685C01EB9B75E0063611E /* Resources */,
			);
			buildRules = (
			);
			dependencies = (
			);
			name = AudioVideoIOS;
			productName = AudioVideoIOS;
			productReference = EF0685C21EB9B75E0063611E /* AudioVideoIOS.app */;
			productType = "com.apple.product-type.application";
		};
/* End PBXNativeTarget section */

/* Begin PBXProject section */
		EF0685BA1EB9B75E0063611E /* Project object */ = {
			isa = PBXProject;
			attributes = {
				LastUpgradeCheck = 0820;
				ORGANIZATIONNAME = "Student 5";
				TargetAttributes = {
					EF0685C11EB9B75E0063611E = {
						CreatedOnToolsVersion = 8.2;
						ProvisioningStyle = Automatic;
					};
				};
			};
			buildConfigurationList = EF0685BD1EB9B75E0063611E /* Build configuration list for PBXProject "AudioVideoIOS" */;
			compatibilityVersion = "Xcode 3.2";
			developmentRegion = English;
			hasScannedForEncodings = 0;
			knownRegions = (
				en,
				Base,
			);
			mainGroup = EF0685B91EB9B75E0063611E;
			productRefGroup = EF0685C31EB9B75E0063611E /* Products */;
			projectDirPath = "";
			projectRoot = "";
			targets = (
				EF0685C11EB9B75E0063611E /* AudioVideoIOS */,
			);
		};
/* End PBXProject section */

/* Begin PBXResourcesBuildPhase section */
		EF0685C01EB9B75E0063611E /* Resources */ = {
			isa = PBXResourcesBuildPhase;
			buildActionMask = 2147483647;
			files = (
				EF0685D51EB9B75E0063611E /* LaunchScreen.storyboard in Resources */,
				EF0685D21EB9B75E0063611E /* Assets.xcassets in Resources */,
				EF0685D01EB9B75E0063611E /* Main.storyboard in Resources */,
			);
			runOnlyForDeploymentPostprocessing = 0;
		};
/* End PBXResourcesBuildPhase section */

/* Begin PBXSourcesBuildPhase section */
		EF0685BE1EB9B75E0063611E /* Sources */ = {
			isa = PBXSourcesBuildPhase;
			buildActionMask = 2147483647;
			files = (
				EF0685CD1EB9B75E0063611E /* ViewController.m in Sources */,
				EF0685CA1EB9B75E0063611E /* AppDelegate.m in Sources */,
				EF0685C71EB9B75E0063611E /* main.m in Sources */,
			);
			runOnlyForDeploymentPostprocessing = 0;
		};
/* End PBXSourcesBuildPhase section */

/* Begin PBXVariantGroup section */
		EF0685CE1EB9B75E0063611E /* Main.storyboard */ = {
			isa = PBXVariantGroup;
			children = (
				EF0685CF1EB9B75E0063611E /* Base */,
			);
			name = Main.storyboard;
			sourceTree = "<group>";
		};
		EF0685D31EB9B75E0063611E /* LaunchScreen.storyboard */ = {
			isa = PBXVariantGroup;
			children = (
				EF0685D41EB9B75E0063611E /* Base */,
			);
			name = LaunchScreen.storyboard;
			sourceTree = "<group>";
		};
/* End PBXVariantGroup section */

/* Begin XCBuildConfiguration section */
		EF0685D71EB9B75E0063611E /* Debug */ = {
			isa = XCBuildConfiguration;
			buildSettings = {
				ALWAYS_SEARCH_USER_PATHS = NO;
				CLANG_ANALYZER_NONNULL = YES;
				CLANG_CXX_LANGUAGE_STANDARD = "gnu++0x";
				CLANG_CXX_LIBRARY = "libc++";
				CLANG_ENABLE_MODULES = YES;
				CLANG_ENABLE_OBJC_ARC = YES;
				CLANG_WARN_BOOL_CONVERSION = YES;
				CLANG_WARN_CONSTANT_CONVERSION = YES;
				CLANG_WARN_DIRECT_OBJC_ISA_USAGE = YES_ERROR;
				CLANG_WARN_DOCUMENTATION_COMMENTS = YES;
				CLANG_WARN_EMPTY_BODY = YES;
				CLANG_WARN_ENUM_CONVERSION = YES;
				CLANG_WARN_INFINITE_RECURSION = YES;
				CLANG_WARN_INT_CONVERSION = YES;
				CLANG_WARN_OBJC_ROOT_CLASS = YES_ERROR;
				CLANG_WARN_SUSPICIOUS_MOVE = YES;
				CLANG_WARN_UNREACHABLE_CODE = YES;
				CLANG_WARN__DUPLICATE_METHOD_MATCH = YES;
				"CODE_SIGN_IDENTITY[sdk=iphoneos*]" = "iPhone Developer";
				COPY_PHASE_STRIP = NO;
				DEBUG_INFORMATION_FORMAT = dwarf;
				ENABLE_STRICT_OBJC_MSGSEND = YES;
				ENABLE_TESTABILITY = YES;
				GCC_C_LANGUAGE_STANDARD = gnu99;
				GCC_DYNAMIC_NO_PIC = NO;
				GCC_NO_COMMON_BLOCKS = YES;
				GCC_OPTIMIZATION_LEVEL = 0;
				GCC_PREPROCESSOR_DEFINITIONS = (
					"DEBUG=1",
					"$(inherited)",
				);
				GCC_WARN_64_TO_32_BIT_CONVERSION = YES;
				GCC_WARN_ABOUT_RETURN_TYPE = YES_ERROR;
				GCC_WARN_UNDECLARED_SELECTOR = YES;
				GCC_WARN_UNINITIALIZED_AUTOS = YES_AGGRESSIVE;
				GCC_WARN_UNUSED_FUNCTION = YES;
				GCC_WARN_UNUSED_VARIABLE = YES;
				IPHONEOS_DEPLOYMENT_TARGET = 10.2;
				MTL_ENABLE_DEBUG_INFO = YES;
				ONLY_ACTIVE_ARCH = YES;
				SDKROOT = iphoneos;
				TARGETED_DEVICE_FAMILY = "1,2";
			};
			name = Debug;
		};
		EF0685D81EB9B75E0063611E /* Release */ = {
			isa = XCBuildConfiguration;
			buildSettings = {
				ALWAYS_SEARCH_USER_PATHS = NO;
				CLANG_ANALYZER_NONNULL = YES;
				CLANG_CXX_LANGUAGE_STANDARD = "gnu++0x";
				CLANG_CXX_LIBRARY = "libc++";
				CLANG_ENABLE_MODULES = YES;
				CLANG_ENABLE_OBJC_ARC = YES;
				CLANG_WARN_BOOL_CONVERSION = YES;
				CLANG_WARN_CONSTANT_CONVERSION = YES;
				CLANG_WARN_DIRECT_OBJC_ISA_USAGE = YES_ERROR;
				CLANG_WARN_DOCUMENTATION_COMMENTS = YES;
				CLANG_WARN_EMPTY_BODY = YES;
				CLANG_WARN_ENUM_CONVERSION = YES;
				CLANG_WARN_INFINITE_RECURSION = YES;
				CLANG_WARN_INT_CONVERSION = YES;
				CLANG_WARN_OBJC_ROOT_CLASS = YES_ERROR;
				CLANG_WARN_SUSPICIOUS_MOVE = YES;
				CLANG_WARN_UNREACHABLE_CODE = YES;
				CLANG_WARN__DUPLICATE_METHOD_MATCH = YES;
				"CODE_SIGN_IDENTITY[sdk=iphoneos*]" = "iPhone Developer";
				COPY_PHASE_STRIP = NO;
				DEBUG_INFORMATION_FORMAT = "dwarf-with-dsym";
				ENABLE_NS_ASSERTIONS = NO;
				ENABLE_STRICT_OBJC_MSGSEND = YES;
				GCC_C_LANGUAGE_STANDARD = gnu99;
				GCC_NO_COMMON_BLOCKS = YES;
				GCC_WARN_64_TO_32_BIT_CONVERSION = YES;
				GCC_WARN_ABOUT_RETURN_TYPE = YES_ERROR;
				GCC_WARN_UNDECLARED_SELECTOR = YES;
				GCC_WARN_UNINITIALIZED_AUTOS = YES_AGGRESSIVE;
				GCC_WARN_UNUSED_FUNCTION = YES;
				GCC_WARN_UNUSED_VARIABLE = YES;
				IPHONEOS_DEPLOYMENT_TARGET = 10.2;
				MTL_ENABLE_DEBUG_INFO = NO;
				SDKROOT = iphoneos;
				TARGETED_DEVICE_FAMILY = "1,2";
				VALIDATE_PRODUCT = YES;
			};
			name = Release;
		};
		EF0685DA1EB9B75E0063611E /* Debug */ = {
			isa = XCBuildConfiguration;
			buildSettings = {
				ASSETCATALOG_COMPILER_APPICON_NAME = AppIcon;
				INFOPLIST_FILE = AudioVideoIOS/Info.plist;
				LD_RUNPATH_SEARCH_PATHS = "$(inherited) @executable_path/Frameworks";
				PRODUCT_BUNDLE_IDENTIFIER = Amol.AudioVideoIOS;
				PRODUCT_NAME = "$(TARGET_NAME)";
			};
			name = Debug;
		};
		EF0685DB1EB9B75E0063611E /* Release */ = {
			isa = XCBuildConfiguration;
			buildSettings = {
				ASSETCATALOG_COMPILER_APPICON_NAME = AppIcon;
				INFOPLIST_FILE = AudioVideoIOS/Info.plist;
				LD_RUNPATH_SEARCH_PATHS = "$(inherited) @executable_path/Frameworks";
				PRODUCT_BUNDLE_IDENTIFIER = Amol.AudioVideoIOS;
				PRODUCT_NAME = "$(TARGET_NAME)";
			};
			name = Release;
		};
/* End XCBuildConfiguration section */

/* Begin XCConfigurationList section */
		EF0685BD1EB9B75E0063611E /* Build configuration list for PBXProject "AudioVideoIOS" */ = {
			isa = XCConfigurationList;
			buildConfigurations = (
				EF0685D71EB9B75E0063611E /* Debug */,
				EF0685D81EB9B75E0063611E /* Release */,
			);
			defaultConfigurationIsVisible = 0;
			defaultConfigurationName = Release;
		};
		EF0685D91EB9B75E0063611E /* Build configuration list for PBXNativeTarget "AudioVideoIOS" */ = {
			isa = XCConfigurationList;
			buildConfigurations = (
				EF0685DA1EB9B75E0063611E /* Debug */,
				EF0685DB1EB9B75E0063611E /* Release */,
			);
			defaultConfigurationIsVisible = 0;
		};
/* End XCConfigurationList section */
	};
	rootObject = EF0685BA1EB9B75E0063611E /* Project object */;
}
